
Microsoft Visual Studio Solution File, Format Version 12.00
# Visual Studio 14
VisualStudioVersion = 14.0.25420.1
MinimumVisualStudioVersion = 10.0.40219.1
Project("{FAE04EC0-301F-11D3-BF4B-00C04F79EFBC}") = "NerderyKaraoke.Core.Services", "NerderyKaraoke.Core.Services\NerderyKaraoke.Core.Services.csproj", "{10B500B8-6BC4-47AA-B863-48CEEB01BD0C}"
EndProject
Project("{FAE04EC0-301F-11D3-BF4B-00C04F79EFBC}") = "NerderyKaraoke.Core.Data", "NerderyKaraoke.Core.Data\NerderyKaraoke.Core.Data.csproj", "{5BB46B35-87B1-480F-808C-44E26BA0A3DA}"
EndProject
Project("{2150E333-8FDC-42A3-9474-1A3956D46DE8}") = "Core", "Core", "{B8F54597-A2BB-49EE-82CC-B96A0819D8B1}"
EndProject
Project("{2150E333-8FDC-42A3-9474-1A3956D46DE8}") = "UI", "UI", "{2A683152-184A-4F21-89A8-0C2EF72C7D72}"
EndProject
Project("{FAE04EC0-301F-11D3-BF4B-00C04F79EFBC}") = "NerderyKaraoke.UI", "NerderyKaraoke.UI\NerderyKaraoke.UI.csproj", "{EB883282-5E7F-4062-82DF-DEBB0C6AA278}"
EndProject
Project("{FAE04EC0-301F-11D3-BF4B-00C04F79EFBC}") = "NerderyKaraoke.Core", "NerderyKaraoke.Core\NerderyKaraoke.Core.csproj", "{97EFB565-F17C-4680-8EC3-487AEB383052}"
EndProject
Global
	GlobalSection(SolutionConfigurationPlatforms) = preSolution
		Debug|Any CPU = Debug|Any CPU
		Release|Any CPU = Release|Any CPU
	EndGlobalSection
	GlobalSection(ProjectConfigurationPlatforms) = postSolution
		{10B500B8-6BC4-47AA-B863-48CEEB01BD0C}.Debug|Any CPU.ActiveCfg = Debug|Any CPU
		{10B500B8-6BC4-47AA-B863-48CEEB01BD0C}.Debug|Any CPU.Build.0 = Debug|Any CPU
		{10B500B8-6BC4-47AA-B863-48CEEB01BD0C}.Release|Any CPU.ActiveCfg = Release|Any CPU
		{10B500B8-6BC4-47AA-B863-48CEEB01BD0C}.Release|Any CPU.Build.0 = Release|Any CPU
		{5BB46B35-87B1-480F-808C-44E26BA0A3DA}.Debug|Any CPU.ActiveCfg = Debug|Any CPU
		{5BB46B35-87B1-480F-808C-44E26BA0A3DA}.Debug|Any CPU.Build.0 = Debug|Any CPU
		{5BB46B35-87B1-480F-808C-44E26BA0A3DA}.Release|Any CPU.ActiveCfg = Release|Any CPU
		{5BB46B35-87B1-480F-808C-44E26BA0A3DA}.Release|Any CPU.Build.0 = Release|Any CPU
		{EB883282-5E7F-4062-82DF-DEBB0C6AA278}.Debug|Any CPU.ActiveCfg = Debug|Any CPU
		{EB883282-5E7F-4062-82DF-DEBB0C6AA278}.Debug|Any CPU.Build.0 = Debug|Any CPU
		{EB883282-5E7F-4062-82DF-DEBB0C6AA278}.Release|Any CPU.ActiveCfg = Release|Any CPU
		{EB883282-5E7F-4062-82DF-DEBB0C6AA278}.Release|Any CPU.Build.0 = Release|Any CPU
		{97EFB565-F17C-4680-8EC3-487AEB383052}.Debug|Any CPU.ActiveCfg = Debug|Any CPU
		{97EFB565-F17C-4680-8EC3-487AEB383052}.Debug|Any CPU.Build.0 = Debug|Any CPU
		{97EFB565-F17C-4680-8EC3-487AEB383052}.Release|Any CPU.ActiveCfg = Release|Any CPU
		{97EFB565-F17C-4680-8EC3-487AEB383052}.Release|Any CPU.Build.0 = Release|Any CPU
	EndGlobalSection
	GlobalSection(SolutionProperties) = preSolution
		HideSolutionNode = FALSE
	EndGlobalSection
	GlobalSection(NestedProjects) = preSolution
		{10B500B8-6BC4-47AA-B863-48CEEB01BD0C} = {B8F54597-A2BB-49EE-82CC-B96A0819D8B1}
		{5BB46B35-87B1-480F-808C-44E26BA0A3DA} = {B8F54597-A2BB-49EE-82CC-B96A0819D8B1}
		{EB883282-5E7F-4062-82DF-DEBB0C6AA278} = {2A683152-184A-4F21-89A8-0C2EF72C7D72}
		{97EFB565-F17C-4680-8EC3-487AEB383052} = {B8F54597-A2BB-49EE-82CC-B96A0819D8B1}
	EndGlobalSection
EndGlobal
